
Microsoft Visual Studio Solution File, Format Version 12.00
# Visual Studio 15
VisualStudioVersion = 15.0.27703.2000
MinimumVisualStudioVersion = 10.0.40219.1
Project("{FAE04EC0-301F-11D3-BF4B-00C04F79EFBC}") = "gameprototype", "gameprototype\gameprototype.csproj", "{959C5B64-92AA-4DB1-9F8C-6ED44F3053CD}"
EndProject
Global
	GlobalSection(SolutionConfigurationPlatforms) = preSolution
		Debug|x86 = Debug|x86
		Release|x86 = Release|x86
	EndGlobalSection
	GlobalSection(ProjectConfigurationPlatforms) = postSolution
		{959C5B64-92AA-4DB1-9F8C-6ED44F3053CD}.Debug|x86.ActiveCfg = Debug|x86
		{959C5B64-92AA-4DB1-9F8C-6ED44F3053CD}.Debug|x86.Build.0 = Debug|x86
		{959C5B64-92AA-4DB1-9F8C-6ED44F3053CD}.Release|x86.ActiveCfg = Release|x86
		{959C5B64-92AA-4DB1-9F8C-6ED44F3053CD}.Release|x86.Build.0 = Release|x86
	EndGlobalSection
	GlobalSection(SolutionProperties) = preSolution
		HideSolutionNode = FALSE
	EndGlobalSection
	GlobalSection(ExtensibilityGlobals) = postSolution
		SolutionGuid = {EF7D5D42-1987-4597-86C5-970019F95046}
	EndGlobalSection
EndGlobal
